PODS:
  - Capacitor (6.1.2):
    - CapacitorCordova
  - CapacitorApp (6.0.1):
    - Capacitor
  - CapacitorCamera (6.0.2):
    - Capacitor
  - CapacitorCordova (6.1.2)
  - CapacitorDevice (6.0.1):
    - Capacitor
  - CapacitorHaptics (6.0.1):
    - Capacitor
  - CapacitorKeyboard (6.0.2):
    - Capacitor
  - CapacitorNativeSettings (6.0.1):
    - Capacitor
  - CapacitorNetwork (6.0.3):
    - Capacitor
  - CapacitorPreferences (6.0.2):
    - Capacitor
  - CapacitorPushNotifications (6.0.2):
    - Capacitor
  - CapacitorStatusBar (6.0.1):
    - Capacitor

DEPENDENCIES:
  - "Capacitor (from `../../node_modules/.pnpm/@capacitor+ios@6.1.2_@capacitor+core@6.1.2/node_modules/@capacitor/ios`)"
  - "CapacitorApp (from `../../node_modules/.pnpm/@capacitor+app@6.0.1_@capacitor+core@6.1.2/node_modules/@capacitor/app`)"
  - "CapacitorCamera (from `../../node_modules/.pnpm/@capacitor+camera@6.0.2_@capacitor+core@6.1.2/node_modules/@capacitor/camera`)"
  - "CapacitorCordova (from `../../node_modules/.pnpm/@capacitor+ios@6.1.2_@capacitor+core@6.1.2/node_modules/@capacitor/ios`)"
  - "CapacitorDevice (from `../../node_modules/.pnpm/@capacitor+device@6.0.1_@capacitor+core@6.1.2/node_modules/@capacitor/device`)"
  - "CapacitorHaptics (from `../../node_modules/.pnpm/@capacitor+haptics@6.0.1_@capacitor+core@6.1.2/node_modules/@capacitor/haptics`)"
  - "CapacitorKeyboard (from `../../node_modules/.pnpm/@capacitor+keyboard@6.0.2_@capacitor+core@6.1.2/node_modules/@capacitor/keyboard`)"
  - "CapacitorNativeSettings (from `../../node_modules/.pnpm/capacitor-native-settings@6.0.1_@capacitor+core@6.1.2/node_modules/capacitor-native-settings`)"
  - "CapacitorNetwork (from `../../node_modules/.pnpm/@capacitor+network@6.0.3_@capacitor+core@6.1.2/node_modules/@capacitor/network`)"
  - "CapacitorPreferences (from `../../node_modules/.pnpm/@capacitor+preferences@6.0.2_@capacitor+core@6.1.2/node_modules/@capacitor/preferences`)"
  - "CapacitorPushNotifications (from `../../node_modules/.pnpm/@capacitor+push-notifications@6.0.2_@capacitor+core@6.1.2/node_modules/@capacitor/push-notifications`)"
  - "CapacitorStatusBar (from `../../node_modules/.pnpm/@capacitor+status-bar@6.0.1_@capacitor+core@6.1.2/node_modules/@capacitor/status-bar`)"

EXTERNAL SOURCES:
  Capacitor:
    :path: "../../node_modules/.pnpm/@capacitor+ios@6.1.2_@capacitor+core@6.1.2/node_modules/@capacitor/ios"
  CapacitorApp:
    :path: "../../node_modules/.pnpm/@capacitor+app@6.0.1_@capacitor+core@6.1.2/node_modules/@capacitor/app"
  CapacitorCamera:
    :path: "../../node_modules/.pnpm/@capacitor+camera@6.0.2_@capacitor+core@6.1.2/node_modules/@capacitor/camera"
  CapacitorCordova:
    :path: "../../node_modules/.pnpm/@capacitor+ios@6.1.2_@capacitor+core@6.1.2/node_modules/@capacitor/ios"
  CapacitorDevice:
    :path: "../../node_modules/.pnpm/@capacitor+device@6.0.1_@capacitor+core@6.1.2/node_modules/@capacitor/device"
  CapacitorHaptics:
    :path: "../../node_modules/.pnpm/@capacitor+haptics@6.0.1_@capacitor+core@6.1.2/node_modules/@capacitor/haptics"
  CapacitorKeyboard:
    :path: "../../node_modules/.pnpm/@capacitor+keyboard@6.0.2_@capacitor+core@6.1.2/node_modules/@capacitor/keyboard"
  CapacitorNativeSettings:
    :path: "../../node_modules/.pnpm/capacitor-native-settings@6.0.1_@capacitor+core@6.1.2/node_modules/capacitor-native-settings"
  CapacitorNetwork:
    :path: "../../node_modules/.pnpm/@capacitor+network@6.0.3_@capacitor+core@6.1.2/node_modules/@capacitor/network"
  CapacitorPreferences:
    :path: "../../node_modules/.pnpm/@capacitor+preferences@6.0.2_@capacitor+core@6.1.2/node_modules/@capacitor/preferences"
  CapacitorPushNotifications:
    :path: "../../node_modules/.pnpm/@capacitor+push-notifications@6.0.2_@capacitor+core@6.1.2/node_modules/@capacitor/push-notifications"
  CapacitorStatusBar:
    :path: "../../node_modules/.pnpm/@capacitor+status-bar@6.0.1_@capacitor+core@6.1.2/node_modules/@capacitor/status-bar"

SPEC CHECKSUMS:
  Capacitor: 69c7f687aabb8d85e543497411e40638b5cc08c0
  CapacitorApp: f51c08c64df914fc934239fd1b3fc809d62a02f6
  CapacitorCamera: 65a0d1235114a6a5042e664d6da8d213927f7aa0
  CapacitorCordova: f48c89f96c319101cd2f0ce8a2b7449b5fb8b3dd
  CapacitorDevice: da1884f895e17992648b27f6c8ee2be72cd0ce2e
  CapacitorHaptics: 05d33e20e394b1977dfd2a00a2621e04098164c1
  CapacitorKeyboard: 5bf4458dd989b56a60ea15c92cbca5fbfae6e9f9
  CapacitorNativeSettings: 7669610adda7b2747fecab7c5e1b6329520d8914
  CapacitorNetwork: ef75d8208f0974a2de3f98136bf9684524798f5c
  CapacitorPreferences: 997d375b1962f98511e8b3d27a24d90cb8ca87fe
  CapacitorPushNotifications: 88f40c5f06dfe54f2c0619173e11ecbff8661a2f
  CapacitorStatusBar: 9ed7f06318fd436917072a9bf60fda56d12c8bdb

PODFILE CHECKSUM: c5405413b328fbc4c9d5a703586a5e45862909f0

COCOAPODS: 1.16.2
